{
  "originHash" : "4baa326121b089c5992380d8385ee254ff9e033dd9cf98d2f09269e72308c24f",
  "pins" : [
    {
      "identity" : "melo-controller",
      "kind" : "remoteSourceControl",
      "location" : "https://github.com/kiddreads/Melo-Controller",
      "state" : {
        "branch" : "main",
        "revision" : "f5d177ab2f71376708eb4ba5e87ffde24b3e6c74"
      }
    }
  ],
  "version" : 3
}
